
Microsoft Visual Studio Solution File, Format Version 12.00
# Visual Studio Version 17
VisualStudioVersion = 17.2.32616.157
MinimumVisualStudioVersion = 10.0.40219.1
Project("{2150E333-8FDC-42A3-9474-1A3956D46DE8}") = "Libs", "Libs", "{37A9B727-88D1-432E-8711-01A9A0CF8F51}"
EndProject
Project("{9A19103F-16F7-4668-BE54-9A1E7A4F7556}") = "PowBasics", "Libs\PowBasics\PowBasics.csproj", "{884AD8E1-13AB-42DF-A1E1-31ED9E749D2E}"
EndProject
Project("{9A19103F-16F7-4668-BE54-9A1E7A4F7556}") = "PowBasics.Geom", "Libs\PowBasics.Geom\PowBasics.Geom.csproj", "{C7E6363E-463F-42E1-B1CD-3C0697A54F65}"
EndProject
Project("{2150E333-8FDC-42A3-9474-1A3956D46DE8}") = "Solution Items", "Solution Items", "{C3D6CB14-1EA7-4C55-8FA7-A59AF15C837F}"
	ProjectSection(SolutionItems) = preProject
		.gitignore = .gitignore
		Directory.Build.props = Directory.Build.props
		License.txt = License.txt
		package.bat = package.bat
	EndProjectSection
EndProject
Project("{9A19103F-16F7-4668-BE54-9A1E7A4F7556}") = "ReactiveVars", "Libs\ReactiveVars\ReactiveVars.csproj", "{437628F8-7D0F-46A8-8AB7-FCBE576A73B2}"
EndProject
Project("{9A19103F-16F7-4668-BE54-9A1E7A4F7556}") = "PowDisp", "Libs\PowDisp\PowDisp.csproj", "{B6BE3531-A41C-4A91-8237-8D7906265EF9}"
EndProject
Global
	GlobalSection(SolutionConfigurationPlatforms) = preSolution
		Debug|Any CPU = Debug|Any CPU
		Release|Any CPU = Release|Any CPU
	EndGlobalSection
	GlobalSection(ProjectConfigurationPlatforms) = postSolution
		{884AD8E1-13AB-42DF-A1E1-31ED9E749D2E}.Debug|Any CPU.ActiveCfg = Debug|Any CPU
		{884AD8E1-13AB-42DF-A1E1-31ED9E749D2E}.Debug|Any CPU.Build.0 = Debug|Any CPU
		{884AD8E1-13AB-42DF-A1E1-31ED9E749D2E}.Release|Any CPU.ActiveCfg = Release|Any CPU
		{884AD8E1-13AB-42DF-A1E1-31ED9E749D2E}.Release|Any CPU.Build.0 = Release|Any CPU
		{C7E6363E-463F-42E1-B1CD-3C0697A54F65}.Debug|Any CPU.ActiveCfg = Debug|Any CPU
		{C7E6363E-463F-42E1-B1CD-3C0697A54F65}.Debug|Any CPU.Build.0 = Debug|Any CPU
		{C7E6363E-463F-42E1-B1CD-3C0697A54F65}.Release|Any CPU.ActiveCfg = Release|Any CPU
		{C7E6363E-463F-42E1-B1CD-3C0697A54F65}.Release|Any CPU.Build.0 = Release|Any CPU
		{437628F8-7D0F-46A8-8AB7-FCBE576A73B2}.Debug|Any CPU.ActiveCfg = Debug|Any CPU
		{437628F8-7D0F-46A8-8AB7-FCBE576A73B2}.Debug|Any CPU.Build.0 = Debug|Any CPU
		{437628F8-7D0F-46A8-8AB7-FCBE576A73B2}.Release|Any CPU.ActiveCfg = Release|Any CPU
		{437628F8-7D0F-46A8-8AB7-FCBE576A73B2}.Release|Any CPU.Build.0 = Release|Any CPU
		{B6BE3531-A41C-4A91-8237-8D7906265EF9}.Debug|Any CPU.ActiveCfg = Debug|Any CPU
		{B6BE3531-A41C-4A91-8237-8D7906265EF9}.Debug|Any CPU.Build.0 = Debug|Any CPU
		{B6BE3531-A41C-4A91-8237-8D7906265EF9}.Release|Any CPU.ActiveCfg = Release|Any CPU
		{B6BE3531-A41C-4A91-8237-8D7906265EF9}.Release|Any CPU.Build.0 = Release|Any CPU
	EndGlobalSection
	GlobalSection(SolutionProperties) = preSolution
		HideSolutionNode = FALSE
	EndGlobalSection
	GlobalSection(NestedProjects) = preSolution
		{884AD8E1-13AB-42DF-A1E1-31ED9E749D2E} = {37A9B727-88D1-432E-8711-01A9A0CF8F51}
		{C7E6363E-463F-42E1-B1CD-3C0697A54F65} = {37A9B727-88D1-432E-8711-01A9A0CF8F51}
		{437628F8-7D0F-46A8-8AB7-FCBE576A73B2} = {37A9B727-88D1-432E-8711-01A9A0CF8F51}
		{B6BE3531-A41C-4A91-8237-8D7906265EF9} = {37A9B727-88D1-432E-8711-01A9A0CF8F51}
	EndGlobalSection
	GlobalSection(ExtensibilityGlobals) = postSolution
		SolutionGuid = {EE94F977-B49B-49B2-A438-8C695557259D}
	EndGlobalSection
EndGlobal
